
Microsoft Visual Studio Solution File, Format Version 12.00
Project("{FAE04EC0-301F-11D3-BF4B-00C04F79EFBC}") = "Task1", "Task1\Task1.csproj", "{9ADAFBF4-625D-4AE2-A888-E01C0033F4B7}"
EndProject
Project("{FAE04EC0-301F-11D3-BF4B-00C04F79EFBC}") = "Task 2", "Task 2\Task 2.csproj", "{08B1B6C5-D1AC-40D9-8EE3-C8F775A894A8}"
EndProject
Global
	GlobalSection(SolutionConfigurationPlatforms) = preSolution
		Debug|Any CPU = Debug|Any CPU
		Release|Any CPU = Release|Any CPU
	EndGlobalSection
	GlobalSection(ProjectConfigurationPlatforms) = postSolution
		{9ADAFBF4-625D-4AE2-A888-E01C0033F4B7}.Debug|Any CPU.ActiveCfg = Debug|Any CPU
		{9ADAFBF4-625D-4AE2-A888-E01C0033F4B7}.Debug|Any CPU.Build.0 = Debug|Any CPU
		{9ADAFBF4-625D-4AE2-A888-E01C0033F4B7}.Release|Any CPU.ActiveCfg = Release|Any CPU
		{9ADAFBF4-625D-4AE2-A888-E01C0033F4B7}.Release|Any CPU.Build.0 = Release|Any CPU
		{08B1B6C5-D1AC-40D9-8EE3-C8F775A894A8}.Debug|Any CPU.ActiveCfg = Debug|Any CPU
		{08B1B6C5-D1AC-40D9-8EE3-C8F775A894A8}.Debug|Any CPU.Build.0 = Debug|Any CPU
		{08B1B6C5-D1AC-40D9-8EE3-C8F775A894A8}.Release|Any CPU.ActiveCfg = Release|Any CPU
		{08B1B6C5-D1AC-40D9-8EE3-C8F775A894A8}.Release|Any CPU.Build.0 = Release|Any CPU
	EndGlobalSection
EndGlobal
