
Microsoft Visual Studio Solution File, Format Version 12.00
Project("{FAE04EC0-301F-11D3-BF4B-00C04F79EFBC}") = "Task1", "Task1\Task1.csproj", "{9ADAFBF4-625D-4AE2-A888-E01C0033F4B7}"
EndProject
Project("{FAE04EC0-301F-11D3-BF4B-00C04F79EFBC}") = "Task 2", "Task 2\Task 2.csproj", "{08B1B6C5-D1AC-40D9-8EE3-C8F775A894A8}"
EndProject
Project("{FAE04EC0-301F-11D3-BF4B-00C04F79EFBC}") = "Task3", "Task3\Task3.csproj", "{A901AEA6-ACBB-42A3-AD99-162C4A9062DA}"
EndProject
Project("{FAE04EC0-301F-11D3-BF4B-00C04F79EFBC}") = "Task 4 - User Definef Functions", "Task 4 - User Definef Functions\Task 4 - User Definef Functions.csproj", "{284B0924-26B4-41AE-881B-79E234FE32FB}"
EndProject
Project("{FAE04EC0-301F-11D3-BF4B-00C04F79EFBC}") = "Task 5 - Collections", "Task 5 - Collections \Task 5 - Collections.csproj", "{29013216-429F-4309-90E1-4C0AC1FD520B}"
EndProject
Global
	GlobalSection(SolutionConfigurationPlatforms) = preSolution
		Debug|Any CPU = Debug|Any CPU
		Release|Any CPU = Release|Any CPU
	EndGlobalSection
	GlobalSection(ProjectConfigurationPlatforms) = postSolution
		{9ADAFBF4-625D-4AE2-A888-E01C0033F4B7}.Debug|Any CPU.ActiveCfg = Debug|Any CPU
		{9ADAFBF4-625D-4AE2-A888-E01C0033F4B7}.Debug|Any CPU.Build.0 = Debug|Any CPU
		{9ADAFBF4-625D-4AE2-A888-E01C0033F4B7}.Release|Any CPU.ActiveCfg = Release|Any CPU
		{9ADAFBF4-625D-4AE2-A888-E01C0033F4B7}.Release|Any CPU.Build.0 = Release|Any CPU
		{08B1B6C5-D1AC-40D9-8EE3-C8F775A894A8}.Debug|Any CPU.ActiveCfg = Debug|Any CPU
		{08B1B6C5-D1AC-40D9-8EE3-C8F775A894A8}.Debug|Any CPU.Build.0 = Debug|Any CPU
		{08B1B6C5-D1AC-40D9-8EE3-C8F775A894A8}.Release|Any CPU.ActiveCfg = Release|Any CPU
		{08B1B6C5-D1AC-40D9-8EE3-C8F775A894A8}.Release|Any CPU.Build.0 = Release|Any CPU
		{A901AEA6-ACBB-42A3-AD99-162C4A9062DA}.Debug|Any CPU.ActiveCfg = Debug|Any CPU
		{A901AEA6-ACBB-42A3-AD99-162C4A9062DA}.Debug|Any CPU.Build.0 = Debug|Any CPU
		{A901AEA6-ACBB-42A3-AD99-162C4A9062DA}.Release|Any CPU.ActiveCfg = Release|Any CPU
		{A901AEA6-ACBB-42A3-AD99-162C4A9062DA}.Release|Any CPU.Build.0 = Release|Any CPU
		{284B0924-26B4-41AE-881B-79E234FE32FB}.Debug|Any CPU.ActiveCfg = Debug|Any CPU
		{284B0924-26B4-41AE-881B-79E234FE32FB}.Debug|Any CPU.Build.0 = Debug|Any CPU
		{284B0924-26B4-41AE-881B-79E234FE32FB}.Release|Any CPU.ActiveCfg = Release|Any CPU
		{284B0924-26B4-41AE-881B-79E234FE32FB}.Release|Any CPU.Build.0 = Release|Any CPU
		{29013216-429F-4309-90E1-4C0AC1FD520B}.Debug|Any CPU.ActiveCfg = Debug|Any CPU
		{29013216-429F-4309-90E1-4C0AC1FD520B}.Debug|Any CPU.Build.0 = Debug|Any CPU
		{29013216-429F-4309-90E1-4C0AC1FD520B}.Release|Any CPU.ActiveCfg = Release|Any CPU
		{29013216-429F-4309-90E1-4C0AC1FD520B}.Release|Any CPU.Build.0 = Release|Any CPU
	EndGlobalSection
EndGlobal
